<?xml version="1.0" encoding="utf-8"?>
<Project ToolsVersion="4.0" xmlns="http://schemas.microsoft.com/developer/msbuild/2003">
  <ItemGroup>
    <Filter Include="Events">
      <UniqueIdentifier>{3A8963B1-262B-8E87-0FE6-A1DBFB2615D8}</UniqueIdentifier>
    </Filter>
    <Filter Include="Lily">
      <UniqueIdentifier>{5F89887C-4BC0-890D-F4AC-6F10E0C2050F}</UniqueIdentifier>
    </Filter>
  </ItemGroup>
  <ItemGroup>
    <ClInclude Include="src\Lily\Events\ApplicationEvent.h">
      <Filter>Events</Filter>
    </ClInclude>
    <ClInclude Include="src\Lily\Events\Event.h">
      <Filter>Events</Filter>
    </ClInclude>
    <ClInclude Include="src\Lily\Events\KeyEvent.h">
      <Filter>Events</Filter>
    </ClInclude>
    <ClInclude Include="src\Lily\Events\MouseEvent.h">
      <Filter>Events</Filter>
    </ClInclude>
    <ClInclude Include="src\Lily.h" />
    <ClInclude Include="src\Lily\Application.h">
      <Filter>Lily</Filter>
    </ClInclude>
    <ClInclude Include="src\Lily\Core.h">
      <Filter>Lily</Filter>
    </ClInclude>
    <ClInclude Include="src\Lily\EntryPoint.h">
      <Filter>Lily</Filter>
    </ClInclude>
    <ClInclude Include="src\Lily\Log.h">
      <Filter>Lily</Filter>
    </ClInclude>
    <ClInclude Include="src\hzpch.h" />
    <ClInclude Include="src\Platform\Windows\WindowsWindow.h" />
    <ClInclude Include="src\Lily\Window.h" />
  </ItemGroup>
  <ItemGroup>
    <ClCompile Include="src\Lily\Application.cpp">
      <Filter>Lily</Filter>
    </ClCompile>
    <ClCompile Include="src\Lily\Log.cpp">
      <Filter>Lily</Filter>
    </ClCompile>
    <ClCompile Include="src\hzpch.cpp" />
    <ClCompile Include="src\Platform\Windows\WindowsWindow.cpp" />
  </ItemGroup>
</Project>